
Microsoft Visual Studio Solution File, Format Version 9.00
# Visual Studio 2005
Project("{FAE04EC0-301F-11D3-BF4B-00C04F79EFBC}") = "hadoop-sharp", "hadoop-sharp.csproj", "{00D9065D-BBFD-4FA4-8E85-B435738B770E}"
EndProject
Global
	GlobalSection(SolutionConfigurationPlatforms) = preSolution
		Debug|Any CPU = Debug|Any CPU
		Release|Any CPU = Release|Any CPU
	EndGlobalSection
	GlobalSection(ProjectConfigurationPlatforms) = postSolution
		{00D9065D-BBFD-4FA4-8E85-B435738B770E}.Debug|Any CPU.ActiveCfg = Debug|Any CPU
		{00D9065D-BBFD-4FA4-8E85-B435738B770E}.Debug|Any CPU.Build.0 = Debug|Any CPU
		{00D9065D-BBFD-4FA4-8E85-B435738B770E}.Release|Any CPU.ActiveCfg = Release|Any CPU
		{00D9065D-BBFD-4FA4-8E85-B435738B770E}.Release|Any CPU.Build.0 = Release|Any CPU
	EndGlobalSection
	GlobalSection(MonoDevelopProperties) = preSolution
		StartupItem = hadoop-sharp.csproj
	EndGlobalSection
EndGlobal
